# This file is automatically @generated by Cargo.
# It is not intended for manual editing.
version = 4

[[package]]
name = "librarian-chromium-native-host"
version = "0.1.0"

[[package]]
name = "librarian-vault-agent"
version = "0.1.0"
dependencies = [
 "librarian-vault-core",
]

[[package]]
name = "librarian-vault-core"
version = "0.1.0"
dependencies = [
 "librarian-vault-format",
]

[[package]]
name = "librarian-vault-format"
version = "0.1.0"
