Microsoft Visual Studio Solution File, Format Version 12.00
# Visual Studio Version 18
VisualStudioVersion = 18.8.36215.9
MinimumVisualStudioVersion = 10.0.40219.1
Project("{8BC9CEB8-8B4A-11D0-8D11-00A0C91BC942}") = "Librarian.Windows", "apps\windows\Librarian.Windows\Librarian.Windows.vcxproj", "{1C47A235-053A-4F08-9FB1-8CE3349509F6}"
EndProject
Project("{8BC9CEB8-8B4A-11D0-8D11-00A0C91BC942}") = "Librarian.WindowsPasskey", "platform\windows-passkey\Librarian.WindowsPasskey.vcxproj", "{A01FD8E8-0BE6-4B76-8A50-3DFB0A7D96A7}"
EndProject
Project("{8BC9CEB8-8B4A-11D0-8D11-00A0C91BC942}") = "Librarian.WindowsIpcProbe", "platform\windows-ipc-probe\Librarian.WindowsIpcProbe.vcxproj", "{7BD3B71A-7B53-4B3D-912F-6BBA1F9CD84E}"
EndProject
Project("{8BC9CEB8-8B4A-11D0-8D11-00A0C91BC942}") = "Librarian.WindowsHelloProbe", "platform\windows-hello-probe\Librarian.WindowsHelloProbe.vcxproj", "{90817646-D6D0-4A76-8F46-49C4FE74B00C}"
EndProject
Project("{8BC9CEB8-8B4A-11D0-8D11-00A0C91BC942}") = "Librarian.WindowsShellTests", "tests\windows-shell\Librarian.WindowsShellTests.vcxproj", "{7F950E11-12A6-4E9A-A0A9-211011A5B419}"
EndProject
Global
	GlobalSection(SolutionConfigurationPlatforms) = preSolution
		Debug|x64 = Debug|x64
		Release|x64 = Release|x64
	EndGlobalSection
	GlobalSection(ProjectConfigurationPlatforms) = postSolution
		{1C47A235-053A-4F08-9FB1-8CE3349509F6}.Debug|x64.ActiveCfg = Debug|x64
		{1C47A235-053A-4F08-9FB1-8CE3349509F6}.Debug|x64.Build.0 = Debug|x64
		{1C47A235-053A-4F08-9FB1-8CE3349509F6}.Debug|x64.Deploy.0 = Debug|x64
		{1C47A235-053A-4F08-9FB1-8CE3349509F6}.Release|x64.ActiveCfg = Release|x64
		{1C47A235-053A-4F08-9FB1-8CE3349509F6}.Release|x64.Build.0 = Release|x64
		{1C47A235-053A-4F08-9FB1-8CE3349509F6}.Release|x64.Deploy.0 = Release|x64
		{A01FD8E8-0BE6-4B76-8A50-3DFB0A7D96A7}.Debug|x64.ActiveCfg = Debug|x64
		{A01FD8E8-0BE6-4B76-8A50-3DFB0A7D96A7}.Debug|x64.Build.0 = Debug|x64
		{A01FD8E8-0BE6-4B76-8A50-3DFB0A7D96A7}.Release|x64.ActiveCfg = Release|x64
		{A01FD8E8-0BE6-4B76-8A50-3DFB0A7D96A7}.Release|x64.Build.0 = Release|x64
		{7BD3B71A-7B53-4B3D-912F-6BBA1F9CD84E}.Debug|x64.ActiveCfg = Debug|x64
		{7BD3B71A-7B53-4B3D-912F-6BBA1F9CD84E}.Debug|x64.Build.0 = Debug|x64
		{7BD3B71A-7B53-4B3D-912F-6BBA1F9CD84E}.Release|x64.ActiveCfg = Release|x64
		{7BD3B71A-7B53-4B3D-912F-6BBA1F9CD84E}.Release|x64.Build.0 = Release|x64
		{90817646-D6D0-4A76-8F46-49C4FE74B00C}.Debug|x64.ActiveCfg = Debug|x64
		{90817646-D6D0-4A76-8F46-49C4FE74B00C}.Debug|x64.Build.0 = Debug|x64
		{90817646-D6D0-4A76-8F46-49C4FE74B00C}.Release|x64.ActiveCfg = Release|x64
		{90817646-D6D0-4A76-8F46-49C4FE74B00C}.Release|x64.Build.0 = Release|x64
		{7F950E11-12A6-4E9A-A0A9-211011A5B419}.Debug|x64.ActiveCfg = Debug|x64
		{7F950E11-12A6-4E9A-A0A9-211011A5B419}.Debug|x64.Build.0 = Debug|x64
		{7F950E11-12A6-4E9A-A0A9-211011A5B419}.Release|x64.ActiveCfg = Release|x64
		{7F950E11-12A6-4E9A-A0A9-211011A5B419}.Release|x64.Build.0 = Release|x64
	EndGlobalSection
	GlobalSection(SolutionProperties) = preSolution
		HideSolutionNode = FALSE
	EndGlobalSection
	GlobalSection(ExtensibilityGlobals) = postSolution
		SolutionGuid = {3B5D1D21-7F1B-46B4-9D46-3C06BB2FB361}
	EndGlobalSection
EndGlobal
