# This file is automatically @generated by Cargo.
# It is not intended for manual editing.
version = 4

[[package]]
name = "feature-consumer"
version = "0.1.0"
dependencies = [
 "feature-provider",
]

[[package]]
name = "feature-observer"
version = "0.1.0"
dependencies = [
 "shared-feature",
]

[[package]]
name = "feature-provider"
version = "0.1.0"
dependencies = [
 "shared-feature",
]

[[package]]
name = "shared-feature"
version = "0.1.0"
