# This file is automatically @generated by Cargo.
# It is not intended for manual editing.
version = 4

[[package]]
name = "feature-consumer"
version = "0.1.0"
dependencies = [
 "feature-provider",
]

[[package]]
name = "feature-provider"
version = "0.1.0"
dependencies = [
 "optional-support",
]

[[package]]
name = "optional-support"
version = "0.1.0"
