<?xml version="1.0" encoding="utf-8"?>
<Project ToolsVersion="4.0" xmlns="http://schemas.microsoft.com/developer/msbuild/2003">
  <ItemGroup>
    <Filter Include="Header Files">
      <UniqueIdentifier>{8AAFB580-6062-4D73-A5D3-EFB4D5E3DE23}</UniqueIdentifier>
      <Extensions>h;hpp</Extensions>
    </Filter>
    <Filter Include="Source Files">
      <UniqueIdentifier>{BF8CD114-E97F-4D35-B9DA-C348450233F8}</UniqueIdentifier>
      <Extensions>c;cc;cpp;cxx</Extensions>
    </Filter>
  </ItemGroup>
  <ItemGroup>
    <ClInclude Include="include\librarian\windows_hello\client.h">
      <Filter>Header Files</Filter>
    </ClInclude>
    <ClInclude Include="src\validation.h">
      <Filter>Header Files</Filter>
    </ClInclude>
  </ItemGroup>
  <ItemGroup>
    <ClCompile Include="src\client.cpp">
      <Filter>Source Files</Filter>
    </ClCompile>
    <ClCompile Include="src\validation.cpp">
      <Filter>Source Files</Filter>
    </ClCompile>
  </ItemGroup>
</Project>
